// !$*UTF8*$!
{
	archiveVersion = 1;
	classes = {
	};
	objectVersion = 56;
	objects = {

/* Begin PBXBuildFile section */
		2E3160942A0A41C500338FEB /* addNewTVC.swift in Sources */ = {isa = PBXBuildFile; fileRef = 2E3160932A0A41C500338FEB /* addNewTVC.swift */; };
		2E3160962A0A41DE00338FEB /* categoryTVC.swift in Sources */ = {isa = PBXBuildFile; fileRef = 2E3160952A0A41DE00338FEB /* categoryTVC.swift */; };
		2E31609A2A0A42B700338FEB /* ManageCategoryVC.swift in Sources */ = {isa = PBXBuildFile; fileRef = 2E3160992A0A42B700338FEB /* ManageCategoryVC.swift */; };
		2E3160A42A0A4FB300338FEB /* CDCategoryListMDL.swift in Sources */ = {isa = PBXBuildFile; fileRef = 2E3160A32A0A4FB300338FEB /* CDCategoryListMDL.swift */; };
		2E3160A72A0A507000338FEB /* CDCategoryList+CoreDataClass.swift in Sources */ = {isa = PBXBuildFile; fileRef = 2E3160A52A0A507000338FEB /* CDCategoryList+CoreDataClass.swift */; };
		2E3160A82A0A507000338FEB /* CDCategoryList+CoreDataProperties.swift in Sources */ = {isa = PBXBuildFile; fileRef = 2E3160A62A0A507000338FEB /* CDCategoryList+CoreDataProperties.swift */; };
		2E3160AB2A0A551600338FEB /* CDCategory+CoreDataClass.swift in Sources */ = {isa = PBXBuildFile; fileRef = 2E3160A92A0A551600338FEB /* CDCategory+CoreDataClass.swift */; };
		2E3160AC2A0A551600338FEB /* CDCategory+CoreDataProperties.swift in Sources */ = {isa = PBXBuildFile; fileRef = 2E3160AA2A0A551600338FEB /* CDCategory+CoreDataProperties.swift */; };
		2E3160AF2A0E13E300338FEB /* categoryCoreDataCRED.swift in Sources */ = {isa = PBXBuildFile; fileRef = 2E3160AE2A0E13E300338FEB /* categoryCoreDataCRED.swift */; };
		2ECD4E172A08FA9600E942C3 /* AppDelegate.swift in Sources */ = {isa = PBXBuildFile; fileRef = 2ECD4E162A08FA9600E942C3 /* AppDelegate.swift */; };
		2ECD4E192A08FA9600E942C3 /* SceneDelegate.swift in Sources */ = {isa = PBXBuildFile; fileRef = 2ECD4E182A08FA9600E942C3 /* SceneDelegate.swift */; };
		2ECD4E1B2A08FA9600E942C3 /* ViewController.swift in Sources */ = {isa = PBXBuildFile; fileRef = 2ECD4E1A2A08FA9600E942C3 /* ViewController.swift */; };
		2ECD4E1E2A08FA9600E942C3 /* Main.storyboard in Resources */ = {isa = PBXBuildFile; fileRef = 2ECD4E1C2A08FA9600E942C3 /* Main.storyboard */; };
		2ECD4E212A08FA9600E942C3 /* CoreDataWork.xcdatamodeld in Sources */ = {isa = PBXBuildFile; fileRef = 2ECD4E1F2A08FA9600E942C3 /* CoreDataWork.xcdatamodeld */; };
		2ECD4E232A08FA9900E942C3 /* Assets.xcassets in Resources */ = {isa = PBXBuildFile; fileRef = 2ECD4E222A08FA9900E942C3 /* Assets.xcassets */; };
		2ECD4E262A08FA9900E942C3 /* LaunchScreen.storyboard in Resources */ = {isa = PBXBuildFile; fileRef = 2ECD4E242A08FA9900E942C3 /* LaunchScreen.storyboard */; };
		2ECD4E342A092FE800E942C3 /* CDCategoryMDL.swift in Sources */ = {isa = PBXBuildFile; fileRef = 2ECD4E332A092FE800E942C3 /* CDCategoryMDL.swift */; };
		2ECD4E362A09307600E942C3 /* CoreDataManager.swift in Sources */ = {isa = PBXBuildFile; fileRef = 2ECD4E352A09307600E942C3 /* CoreDataManager.swift */; };
		2ECD4E392A094C4000E942C3 /* ToDoListVC.swift in Sources */ = {isa = PBXBuildFile; fileRef = 2ECD4E382A094C4000E942C3 /* ToDoListVC.swift */; };
		2ECD4E3B2A094CB400E942C3 /* categoryCVC.swift in Sources */ = {isa = PBXBuildFile; fileRef = 2ECD4E3A2A094CB400E942C3 /* categoryCVC.swift */; };
		2EDAD2802A134DF30030FA42 /* CDColorList+CoreDataClass.swift in Sources */ = {isa = PBXBuildFile; fileRef = 2EDAD27C2A134DF30030FA42 /* CDColorList+CoreDataClass.swift */; };
		2EDAD2812A134DF30030FA42 /* CDColorList+CoreDataProperties.swift in Sources */ = {isa = PBXBuildFile; fileRef = 2EDAD27D2A134DF30030FA42 /* CDColorList+CoreDataProperties.swift */; };
		2EDAD2822A134DF30030FA42 /* CDCategoryColors+CoreDataClass.swift in Sources */ = {isa = PBXBuildFile; fileRef = 2EDAD27E2A134DF30030FA42 /* CDCategoryColors+CoreDataClass.swift */; };
		2EDAD2832A134DF30030FA42 /* CDCategoryColors+CoreDataProperties.swift in Sources */ = {isa = PBXBuildFile; fileRef = 2EDAD27F2A134DF30030FA42 /* CDCategoryColors+CoreDataProperties.swift */; };
		2EDAD3072A286CA20030FA42 /* Extension.swift in Sources */ = {isa = PBXBuildFile; fileRef = 2EDAD3062A286CA20030FA42 /* Extension.swift */; };
		2EDAD30B2A287F620030FA42 /* AddNewCategoryVC.swift in Sources */ = {isa = PBXBuildFile; fileRef = 2EDAD30A2A287F620030FA42 /* AddNewCategoryVC.swift */; };
/* End PBXBuildFile section */

/* Begin PBXFileReference section */
		2E3160932A0A41C500338FEB /* addNewTVC.swift */ = {isa = PBXFileReference; lastKnownFileType = sourcecode.swift; path = addNewTVC.swift; sourceTree = "<group>"; };
		2E3160952A0A41DE00338FEB /* categoryTVC.swift */ = {isa = PBXFileReference; lastKnownFileType = sourcecode.swift; path = categoryTVC.swift; sourceTree = "<group>"; };
		2E3160992A0A42B700338FEB /* ManageCategoryVC.swift */ = {isa = PBXFileReference; lastKnownFileType = sourcecode.swift; path = ManageCategoryVC.swift; sourceTree = "<group>"; };
		2E3160A32A0A4FB300338FEB /* CDCategoryListMDL.swift */ = {isa = PBXFileReference; lastKnownFileType = sourcecode.swift; path = CDCategoryListMDL.swift; sourceTree = "<group>"; };
		2E3160A52A0A507000338FEB /* CDCategoryList+CoreDataClass.swift */ = {isa = PBXFileReference; lastKnownFileType = sourcecode.swift; path = "CDCategoryList+CoreDataClass.swift"; sourceTree = "<group>"; };
		2E3160A62A0A507000338FEB /* CDCategoryList+CoreDataProperties.swift */ = {isa = PBXFileReference; lastKnownFileType = sourcecode.swift; path = "CDCategoryList+CoreDataProperties.swift"; sourceTree = "<group>"; };
		2E3160A92A0A551600338FEB /* CDCategory+CoreDataClass.swift */ = {isa = PBXFileReference; lastKnownFileType = sourcecode.swift; path = "CDCategory+CoreDataClass.swift"; sourceTree = "<group>"; };
		2E3160AA2A0A551600338FEB /* CDCategory+CoreDataProperties.swift */ = {isa = PBXFileReference; lastKnownFileType = sourcecode.swift; path = "CDCategory+CoreDataProperties.swift"; sourceTree = "<group>"; };
		2E3160AE2A0E13E300338FEB /* categoryCoreDataCRED.swift */ = {isa = PBXFileReference; lastKnownFileType = sourcecode.swift; path = categoryCoreDataCRED.swift; sourceTree = "<group>"; };
		2ECD4E132A08FA9600E942C3 /* CoreDataWork.app */ = {isa = PBXFileReference; explicitFileType = wrapper.application; includeInIndex = 0; path = CoreDataWork.app; sourceTree = BUILT_PRODUCTS_DIR; };
		2ECD4E162A08FA9600E942C3 /* AppDelegate.swift */ = {isa = PBXFileReference; lastKnownFileType = sourcecode.swift; path = AppDelegate.swift; sourceTree = "<group>"; };
		2ECD4E182A08FA9600E942C3 /* SceneDelegate.swift */ = {isa = PBXFileReference; lastKnownFileType = sourcecode.swift; path = SceneDelegate.swift; sourceTree = "<group>"; };
		2ECD4E1A2A08FA9600E942C3 /* ViewController.swift */ = {isa = PBXFileReference; lastKnownFileType = sourcecode.swift; path = ViewController.swift; sourceTree = "<group>"; };
		2ECD4E1D2A08FA9600E942C3 /* Base */ = {isa = PBXFileReference; lastKnownFileType = file.storyboard; name = Base; path = Base.lproj/Main.storyboard; sourceTree = "<group>"; };
		2ECD4E202A08FA9600E942C3 /* CoreDataWork.xcdatamodel */ = {isa = PBXFileReference; lastKnownFileType = wrapper.xcdatamodel; path = CoreDataWork.xcdatamodel; sourceTree = "<group>"; };
		2ECD4E222A08FA9900E942C3 /* Assets.xcassets */ = {isa = PBXFileReference; lastKnownFileType = folder.assetcatalog; path = Assets.xcassets; sourceTree = "<group>"; };
		2ECD4E252A08FA9900E942C3 /* Base */ = {isa = PBXFileReference; lastKnownFileType = file.storyboard; name = Base; path = Base.lproj/LaunchScreen.storyboard; sourceTree = "<group>"; };
		2ECD4E272A08FA9900E942C3 /* Info.plist */ = {isa = PBXFileReference; lastKnownFileType = text.plist.xml; path = Info.plist; sourceTree = "<group>"; };
		2ECD4E332A092FE800E942C3 /* CDCategoryMDL.swift */ = {isa = PBXFileReference; lastKnownFileType = sourcecode.swift; path = CDCategoryMDL.swift; sourceTree = "<group>"; };
		2ECD4E352A09307600E942C3 /* CoreDataManager.swift */ = {isa = PBXFileReference; lastKnownFileType = sourcecode.swift; path = CoreDataManager.swift; sourceTree = "<group>"; };
		2ECD4E382A094C4000E942C3 /* ToDoListVC.swift */ = {isa = PBXFileReference; lastKnownFileType = sourcecode.swift; path = ToDoListVC.swift; sourceTree = "<group>"; };
		2ECD4E3A2A094CB400E942C3 /* categoryCVC.swift */ = {isa = PBXFileReference; lastKnownFileType = sourcecode.swift; path = categoryCVC.swift; sourceTree = "<group>"; };
		2EDAD27C2A134DF30030FA42 /* CDColorList+CoreDataClass.swift */ = {isa = PBXFileReference; lastKnownFileType = sourcecode.swift; path = "CDColorList+CoreDataClass.swift"; sourceTree = "<group>"; };
		2EDAD27D2A134DF30030FA42 /* CDColorList+CoreDataProperties.swift */ = {isa = PBXFileReference; lastKnownFileType = sourcecode.swift; path = "CDColorList+CoreDataProperties.swift"; sourceTree = "<group>"; };
		2EDAD27E2A134DF30030FA42 /* CDCategoryColors+CoreDataClass.swift */ = {isa = PBXFileReference; lastKnownFileType = sourcecode.swift; path = "CDCategoryColors+CoreDataClass.swift"; sourceTree = "<group>"; };
		2EDAD27F2A134DF30030FA42 /* CDCategoryColors+CoreDataProperties.swift */ = {isa = PBXFileReference; lastKnownFileType = sourcecode.swift; path = "CDCategoryColors+CoreDataProperties.swift"; sourceTree = "<group>"; };
		2EDAD3062A286CA20030FA42 /* Extension.swift */ = {isa = PBXFileReference; lastKnownFileType = sourcecode.swift; path = Extension.swift; sourceTree = "<group>"; };
		2EDAD30A2A287F620030FA42 /* AddNewCategoryVC.swift */ = {isa = PBXFileReference; lastKnownFileType = sourcecode.swift; path = AddNewCategoryVC.swift; sourceTree = "<group>"; };
/* End PBXFileReference section */

/* Begin PBXFrameworksBuildPhase section */
		2ECD4E102A08FA9600E942C3 /* Frameworks */ = {
			isa = PBXFrameworksBuildPhase;
			buildActionMask = 2147483647;
			files = (
			);
			runOnlyForDeploymentPostprocessing = 0;
		};
/* End PBXFrameworksBuildPhase section */

/* Begin PBXGroup section */
		2E3160AD2A0A6E6300338FEB /* CoreDataCommonCRED */ = {
			isa = PBXGroup;
			children = (
				2E3160AE2A0E13E300338FEB /* categoryCoreDataCRED.swift */,
			);
			path = CoreDataCommonCRED;
			sourceTree = "<group>";
		};
		2ECD4E0A2A08FA9600E942C3 = {
			isa = PBXGroup;
			children = (
				2ECD4E152A08FA9600E942C3 /* CoreDataWork */,
				2ECD4E142A08FA9600E942C3 /* Products */,
			);
			sourceTree = "<group>";
		};
		2ECD4E142A08FA9600E942C3 /* Products */ = {
			isa = PBXGroup;
			children = (
				2ECD4E132A08FA9600E942C3 /* CoreDataWork.app */,
			);
			name = Products;
			sourceTree = "<group>";
		};
		2ECD4E152A08FA9600E942C3 /* CoreDataWork */ = {
			isa = PBXGroup;
			children = (
				2EDAD3052A286C8E0030FA42 /* Helper */,
				2E3160AD2A0A6E6300338FEB /* CoreDataCommonCRED */,
				2ECD4E372A094C0900E942C3 /* Controllers */,
				2ECD4E2D2A092F4B00E942C3 /* Database */,
				2ECD4E162A08FA9600E942C3 /* AppDelegate.swift */,
				2ECD4E182A08FA9600E942C3 /* SceneDelegate.swift */,
				2ECD4E1A2A08FA9600E942C3 /* ViewController.swift */,
				2ECD4E1C2A08FA9600E942C3 /* Main.storyboard */,
				2ECD4E222A08FA9900E942C3 /* Assets.xcassets */,
				2ECD4E242A08FA9900E942C3 /* LaunchScreen.storyboard */,
				2ECD4E272A08FA9900E942C3 /* Info.plist */,
			);
			path = CoreDataWork;
			sourceTree = "<group>";
		};
		2ECD4E2D2A092F4B00E942C3 /* Database */ = {
			isa = PBXGroup;
			children = (
				2EDAD27C2A134DF30030FA42 /* CDColorList+CoreDataClass.swift */,
				2EDAD27D2A134DF30030FA42 /* CDColorList+CoreDataProperties.swift */,
				2EDAD27E2A134DF30030FA42 /* CDCategoryColors+CoreDataClass.swift */,
				2EDAD27F2A134DF30030FA42 /* CDCategoryColors+CoreDataProperties.swift */,
				2E3160A92A0A551600338FEB /* CDCategory+CoreDataClass.swift */,
				2E3160AA2A0A551600338FEB /* CDCategory+CoreDataProperties.swift */,
				2E3160A52A0A507000338FEB /* CDCategoryList+CoreDataClass.swift */,
				2E3160A62A0A507000338FEB /* CDCategoryList+CoreDataProperties.swift */,
				2ECD4E322A092FC100E942C3 /* CoreDataModel */,
				2ECD4E1F2A08FA9600E942C3 /* CoreDataWork.xcdatamodeld */,
				2ECD4E352A09307600E942C3 /* CoreDataManager.swift */,
			);
			path = Database;
			sourceTree = "<group>";
		};
		2ECD4E322A092FC100E942C3 /* CoreDataModel */ = {
			isa = PBXGroup;
			children = (
				2ECD4E332A092FE800E942C3 /* CDCategoryMDL.swift */,
				2E3160A32A0A4FB300338FEB /* CDCategoryListMDL.swift */,
			);
			path = CoreDataModel;
			sourceTree = "<group>";
		};
		2ECD4E372A094C0900E942C3 /* Controllers */ = {
			isa = PBXGroup;
			children = (
				2ECD4E382A094C4000E942C3 /* ToDoListVC.swift */,
				2ECD4E3A2A094CB400E942C3 /* categoryCVC.swift */,
				2E3160932A0A41C500338FEB /* addNewTVC.swift */,
				2E3160952A0A41DE00338FEB /* categoryTVC.swift */,
				2E3160992A0A42B700338FEB /* ManageCategoryVC.swift */,
				2EDAD30A2A287F620030FA42 /* AddNewCategoryVC.swift */,
			);
			path = Controllers;
			sourceTree = "<group>";
		};
		2EDAD3052A286C8E0030FA42 /* Helper */ = {
			isa = PBXGroup;
			children = (
				2EDAD3062A286CA20030FA42 /* Extension.swift */,
			);
			path = Helper;
			sourceTree = "<group>";
		};
/* End PBXGroup section */

/* Begin PBXNativeTarget section */
		2ECD4E122A08FA9600E942C3 /* CoreDataWork */ = {
			isa = PBXNativeTarget;
			buildConfigurationList = 2ECD4E2A2A08FA9900E942C3 /* Build configuration list for PBXNativeTarget "CoreDataWork" */;
			buildPhases = (
				2ECD4E0F2A08FA9600E942C3 /* Sources */,
				2ECD4E102A08FA9600E942C3 /* Frameworks */,
				2ECD4E112A08FA9600E942C3 /* Resources */,
			);
			buildRules = (
			);
			dependencies = (
			);
			name = CoreDataWork;
			productName = CoreDataWork;
			productReference = 2ECD4E132A08FA9600E942C3 /* CoreDataWork.app */;
			productType = "com.apple.product-type.application";
		};
/* End PBXNativeTarget section */

/* Begin PBXProject section */
		2ECD4E0B2A08FA9600E942C3 /* Project object */ = {
			isa = PBXProject;
			attributes = {
				BuildIndependentTargetsInParallel = 1;
				LastSwiftUpdateCheck = 1430;
				LastUpgradeCheck = 1430;
				TargetAttributes = {
					2ECD4E122A08FA9600E942C3 = {
						CreatedOnToolsVersion = 14.3;
					};
				};
			};
			buildConfigurationList = 2ECD4E0E2A08FA9600E942C3 /* Build configuration list for PBXProject "CoreDataWork" */;
			compatibilityVersion = "Xcode 14.0";
			developmentRegion = en;
			hasScannedForEncodings = 0;
			knownRegions = (
				en,
				Base,
			);
			mainGroup = 2ECD4E0A2A08FA9600E942C3;
			productRefGroup = 2ECD4E142A08FA9600E942C3 /* Products */;
			projectDirPath = "";
			projectRoot = "";
			targets = (
				2ECD4E122A08FA9600E942C3 /* CoreDataWork */,
			);
		};
/* End PBXProject section */

/* Begin PBXResourcesBuildPhase section */
		2ECD4E112A08FA9600E942C3 /* Resources */ = {
			isa = PBXResourcesBuildPhase;
			buildActionMask = 2147483647;
			files = (
				2ECD4E262A08FA9900E942C3 /* LaunchScreen.storyboard in Resources */,
				2ECD4E232A08FA9900E942C3 /* Assets.xcassets in Resources */,
				2ECD4E1E2A08FA9600E942C3 /* Main.storyboard in Resources */,
			);
			runOnlyForDeploymentPostprocessing = 0;
		};
/* End PBXResourcesBuildPhase section */

/* Begin PBXSourcesBuildPhase section */
		2ECD4E0F2A08FA9600E942C3 /* Sources */ = {
			isa = PBXSourcesBuildPhase;
			buildActionMask = 2147483647;
			files = (
				2E3160A42A0A4FB300338FEB /* CDCategoryListMDL.swift in Sources */,
				2ECD4E1B2A08FA9600E942C3 /* ViewController.swift in Sources */,
				2EDAD2802A134DF30030FA42 /* CDColorList+CoreDataClass.swift in Sources */,
				2E3160A72A0A507000338FEB /* CDCategoryList+CoreDataClass.swift in Sources */,
				2E3160AF2A0E13E300338FEB /* categoryCoreDataCRED.swift in Sources */,
				2ECD4E172A08FA9600E942C3 /* AppDelegate.swift in Sources */,
				2EDAD2822A134DF30030FA42 /* CDCategoryColors+CoreDataClass.swift in Sources */,
				2E3160942A0A41C500338FEB /* addNewTVC.swift in Sources */,
				2E3160962A0A41DE00338FEB /* categoryTVC.swift in Sources */,
				2EDAD30B2A287F620030FA42 /* AddNewCategoryVC.swift in Sources */,
				2EDAD2812A134DF30030FA42 /* CDColorList+CoreDataProperties.swift in Sources */,
				2ECD4E192A08FA9600E942C3 /* SceneDelegate.swift in Sources */,
				2ECD4E342A092FE800E942C3 /* CDCategoryMDL.swift in Sources */,
				2ECD4E392A094C4000E942C3 /* ToDoListVC.swift in Sources */,
				2ECD4E362A09307600E942C3 /* CoreDataManager.swift in Sources */,
				2ECD4E212A08FA9600E942C3 /* CoreDataWork.xcdatamodeld in Sources */,
				2EDAD3072A286CA20030FA42 /* Extension.swift in Sources */,
				2E31609A2A0A42B700338FEB /* ManageCategoryVC.swift in Sources */,
				2E3160AB2A0A551600338FEB /* CDCategory+CoreDataClass.swift in Sources */,
				2E3160A82A0A507000338FEB /* CDCategoryList+CoreDataProperties.swift in Sources */,
				2EDAD2832A134DF30030FA42 /* CDCategoryColors+CoreDataProperties.swift in Sources */,
				2E3160AC2A0A551600338FEB /* CDCategory+CoreDataProperties.swift in Sources */,
				2ECD4E3B2A094CB400E942C3 /* categoryCVC.swift in Sources */,
			);
			runOnlyForDeploymentPostprocessing = 0;
		};
/* End PBXSourcesBuildPhase section */

/* Begin PBXVariantGroup section */
		2ECD4E1C2A08FA9600E942C3 /* Main.storyboard */ = {
			isa = PBXVariantGroup;
			children = (
				2ECD4E1D2A08FA9600E942C3 /* Base */,
			);
			name = Main.storyboard;
			sourceTree = "<group>";
		};
		2ECD4E242A08FA9900E942C3 /* LaunchScreen.storyboard */ = {
			isa = PBXVariantGroup;
			children = (
				2ECD4E252A08FA9900E942C3 /* Base */,
			);
			name = LaunchScreen.storyboard;
			sourceTree = "<group>";
		};
/* End PBXVariantGroup section */

/* Begin XCBuildConfiguration section */
		2ECD4E282A08FA9900E942C3 /* Debug */ = {
			isa = XCBuildConfiguration;
			buildSettings = {
				ALWAYS_SEARCH_USER_PATHS = NO;
				CLANG_ANALYZER_NONNULL = YES;
				CLANG_ANALYZER_NUMBER_OBJECT_CONVERSION = YES_AGGRESSIVE;
				CLANG_CXX_LANGUAGE_STANDARD = "gnu++20";
				CLANG_ENABLE_MODULES = YES;
				CLANG_ENABLE_OBJC_ARC = YES;
				CLANG_ENABLE_OBJC_WEAK = YES;
				CLANG_WARN_BLOCK_CAPTURE_AUTORELEASING = YES;
				CLANG_WARN_BOOL_CONVERSION = YES;
				CLANG_WARN_COMMA = YES;
				CLANG_WARN_CONSTANT_CONVERSION = YES;
				CLANG_WARN_DEPRECATED_OBJC_IMPLEMENTATIONS = YES;
				CLANG_WARN_DIRECT_OBJC_ISA_USAGE = YES_ERROR;
				CLANG_WARN_DOCUMENTATION_COMMENTS = YES;
				CLANG_WARN_EMPTY_BODY = YES;
				CLANG_WARN_ENUM_CONVERSION = YES;
				CLANG_WARN_INFINITE_RECURSION = YES;
				CLANG_WARN_INT_CONVERSION = YES;
				CLANG_WARN_NON_LITERAL_NULL_CONVERSION = YES;
				CLANG_WARN_OBJC_IMPLICIT_RETAIN_SELF = YES;
				CLANG_WARN_OBJC_LITERAL_CONVERSION = YES;
				CLANG_WARN_OBJC_ROOT_CLASS = YES_ERROR;
				CLANG_WARN_QUOTED_INCLUDE_IN_FRAMEWORK_HEADER = YES;
				CLANG_WARN_RANGE_LOOP_ANALYSIS = YES;
				CLANG_WARN_STRICT_PROTOTYPES = YES;
				CLANG_WARN_SUSPICIOUS_MOVE = YES;
				CLANG_WARN_UNGUARDED_AVAILABILITY = YES_AGGRESSIVE;
				CLANG_WARN_UNREACHABLE_CODE = YES;
				CLANG_WARN__DUPLICATE_METHOD_MATCH = YES;
				COPY_PHASE_STRIP = NO;
				DEBUG_INFORMATION_FORMAT = dwarf;
				ENABLE_STRICT_OBJC_MSGSEND = YES;
				ENABLE_TESTABILITY = YES;
				GCC_C_LANGUAGE_STANDARD = gnu11;
				GCC_DYNAMIC_NO_PIC = NO;
				GCC_NO_COMMON_BLOCKS = YES;
				GCC_OPTIMIZATION_LEVEL = 0;
				GCC_PREPROCESSOR_DEFINITIONS = (
					"DEBUG=1",
					"$(inherited)",
				);
				GCC_WARN_64_TO_32_BIT_CONVERSION = YES;
				GCC_WARN_ABOUT_RETURN_TYPE = YES_ERROR;
				GCC_WARN_UNDECLARED_SELECTOR = YES;
				GCC_WARN_UNINITIALIZED_AUTOS = YES_AGGRESSIVE;
				GCC_WARN_UNUSED_FUNCTION = YES;
				GCC_WARN_UNUSED_VARIABLE = YES;
				IPHONEOS_DEPLOYMENT_TARGET = 16.4;
				MTL_ENABLE_DEBUG_INFO = INCLUDE_SOURCE;
				MTL_FAST_MATH = YES;
				ONLY_ACTIVE_ARCH = YES;
				SDKROOT = iphoneos;
				SWIFT_ACTIVE_COMPILATION_CONDITIONS = DEBUG;
				SWIFT_OPTIMIZATION_LEVEL = "-Onone";
			};
			name = Debug;
		};
		2ECD4E292A08FA9900E942C3 /* Release */ = {
			isa = XCBuildConfiguration;
			buildSettings = {
				ALWAYS_SEARCH_USER_PATHS = NO;
				CLANG_ANALYZER_NONNULL = YES;
				CLANG_ANALYZER_NUMBER_OBJECT_CONVERSION = YES_AGGRESSIVE;
				CLANG_CXX_LANGUAGE_STANDARD = "gnu++20";
				CLANG_ENABLE_MODULES = YES;
				CLANG_ENABLE_OBJC_ARC = YES;
				CLANG_ENABLE_OBJC_WEAK = YES;
				CLANG_WARN_BLOCK_CAPTURE_AUTORELEASING = YES;
				CLANG_WARN_BOOL_CONVERSION = YES;
				CLANG_WARN_COMMA = YES;
				CLANG_WARN_CONSTANT_CONVERSION = YES;
				CLANG_WARN_DEPRECATED_OBJC_IMPLEMENTATIONS = YES;
				CLANG_WARN_DIRECT_OBJC_ISA_USAGE = YES_ERROR;
				CLANG_WARN_DOCUMENTATION_COMMENTS = YES;
				CLANG_WARN_EMPTY_BODY = YES;
				CLANG_WARN_ENUM_CONVERSION = YES;
				CLANG_WARN_INFINITE_RECURSION = YES;
				CLANG_WARN_INT_CONVERSION = YES;
				CLANG_WARN_NON_LITERAL_NULL_CONVERSION = YES;
				CLANG_WARN_OBJC_IMPLICIT_RETAIN_SELF = YES;
				CLANG_WARN_OBJC_LITERAL_CONVERSION = YES;
				CLANG_WARN_OBJC_ROOT_CLASS = YES_ERROR;
				CLANG_WARN_QUOTED_INCLUDE_IN_FRAMEWORK_HEADER = YES;
				CLANG_WARN_RANGE_LOOP_ANALYSIS = YES;
				CLANG_WARN_STRICT_PROTOTYPES = YES;
				CLANG_WARN_SUSPICIOUS_MOVE = YES;
				CLANG_WARN_UNGUARDED_AVAILABILITY = YES_AGGRESSIVE;
				CLANG_WARN_UNREACHABLE_CODE = YES;
				CLANG_WARN__DUPLICATE_METHOD_MATCH = YES;
				COPY_PHASE_STRIP = NO;
				DEBUG_INFORMATION_FORMAT = "dwarf-with-dsym";
				ENABLE_NS_ASSERTIONS = NO;
				ENABLE_STRICT_OBJC_MSGSEND = YES;
				GCC_C_LANGUAGE_STANDARD = gnu11;
				GCC_NO_COMMON_BLOCKS = YES;
				GCC_WARN_64_TO_32_BIT_CONVERSION = YES;
				GCC_WARN_ABOUT_RETURN_TYPE = YES_ERROR;
				GCC_WARN_UNDECLARED_SELECTOR = YES;
				GCC_WARN_UNINITIALIZED_AUTOS = YES_AGGRESSIVE;
				GCC_WARN_UNUSED_FUNCTION = YES;
				GCC_WARN_UNUSED_VARIABLE = YES;
				IPHONEOS_DEPLOYMENT_TARGET = 16.4;
				MTL_ENABLE_DEBUG_INFO = NO;
				MTL_FAST_MATH = YES;
				SDKROOT = iphoneos;
				SWIFT_COMPILATION_MODE = wholemodule;
				SWIFT_OPTIMIZATION_LEVEL = "-O";
				VALIDATE_PRODUCT = YES;
			};
			name = Release;
		};
		2ECD4E2B2A08FA9900E942C3 /* Debug */ = {
			isa = XCBuildConfiguration;
			buildSettings = {
				ASSETCATALOG_COMPILER_APPICON_NAME = AppIcon;
				ASSETCATALOG_COMPILER_GLOBAL_ACCENT_COLOR_NAME = AccentColor;
				CODE_SIGN_STYLE = Automatic;
				CURRENT_PROJECT_VERSION = 1;
				DEVELOPMENT_TEAM = JFYN956J89;
				GENERATE_INFOPLIST_FILE = YES;
				INFOPLIST_FILE = CoreDataWork/Info.plist;
				INFOPLIST_KEY_UIApplicationSupportsIndirectInputEvents = YES;
				INFOPLIST_KEY_UILaunchStoryboardName = LaunchScreen;
				INFOPLIST_KEY_UIMainStoryboardFile = Main;
				INFOPLIST_KEY_UISupportedInterfaceOrientations_iPad = "UIInterfaceOrientationPortrait UIInterfaceOrientationPortraitUpsideDown UIInterfaceOrientationLandscapeLeft UIInterfaceOrientationLandscapeRight";
				INFOPLIST_KEY_UISupportedInterfaceOrientations_iPhone = "UIInterfaceOrientationPortrait UIInterfaceOrientationLandscapeLeft UIInterfaceOrientationLandscapeRight";
				LD_RUNPATH_SEARCH_PATHS = (
					"$(inherited)",
					"@executable_path/Frameworks",
				);
				MARKETING_VERSION = 1.0;
				PRODUCT_BUNDLE_IDENTIFIER = alphonsa.CoreDataWork;
				PRODUCT_NAME = "$(TARGET_NAME)";
				SWIFT_EMIT_LOC_STRINGS = YES;
				SWIFT_VERSION = 5.0;
				TARGETED_DEVICE_FAMILY = "1,2";
			};
			name = Debug;
		};
		2ECD4E2C2A08FA9900E942C3 /* Release */ = {
			isa = XCBuildConfiguration;
			buildSettings = {
				ASSETCATALOG_COMPILER_APPICON_NAME = AppIcon;
				ASSETCATALOG_COMPILER_GLOBAL_ACCENT_COLOR_NAME = AccentColor;
				CODE_SIGN_STYLE = Automatic;
				CURRENT_PROJECT_VERSION = 1;
				DEVELOPMENT_TEAM = JFYN956J89;
				GENERATE_INFOPLIST_FILE = YES;
				INFOPLIST_FILE = CoreDataWork/Info.plist;
				INFOPLIST_KEY_UIApplicationSupportsIndirectInputEvents = YES;
				INFOPLIST_KEY_UILaunchStoryboardName = LaunchScreen;
				INFOPLIST_KEY_UIMainStoryboardFile = Main;
				INFOPLIST_KEY_UISupportedInterfaceOrientations_iPad = "UIInterfaceOrientationPortrait UIInterfaceOrientationPortraitUpsideDown UIInterfaceOrientationLandscapeLeft UIInterfaceOrientationLandscapeRight";
				INFOPLIST_KEY_UISupportedInterfaceOrientations_iPhone = "UIInterfaceOrientationPortrait UIInterfaceOrientationLandscapeLeft UIInterfaceOrientationLandscapeRight";
				LD_RUNPATH_SEARCH_PATHS = (
					"$(inherited)",
					"@executable_path/Frameworks",
				);
				MARKETING_VERSION = 1.0;
				PRODUCT_BUNDLE_IDENTIFIER = alphonsa.CoreDataWork;
				PRODUCT_NAME = "$(TARGET_NAME)";
				SWIFT_EMIT_LOC_STRINGS = YES;
				SWIFT_VERSION = 5.0;
				TARGETED_DEVICE_FAMILY = "1,2";
			};
			name = Release;
		};
/* End XCBuildConfiguration section */

/* Begin XCConfigurationList section */
		2ECD4E0E2A08FA9600E942C3 /* Build configuration list for PBXProject "CoreDataWork" */ = {
			isa = XCConfigurationList;
			buildConfigurations = (
				2ECD4E282A08FA9900E942C3 /* Debug */,
				2ECD4E292A08FA9900E942C3 /* Release */,
			);
			defaultConfigurationIsVisible = 0;
			defaultConfigurationName = Release;
		};
		2ECD4E2A2A08FA9900E942C3 /* Build configuration list for PBXNativeTarget "CoreDataWork" */ = {
			isa = XCConfigurationList;
			buildConfigurations = (
				2ECD4E2B2A08FA9900E942C3 /* Debug */,
				2ECD4E2C2A08FA9900E942C3 /* Release */,
			);
			defaultConfigurationIsVisible = 0;
			defaultConfigurationName = Release;
		};
/* End XCConfigurationList section */

/* Begin XCVersionGroup section */
		2ECD4E1F2A08FA9600E942C3 /* CoreDataWork.xcdatamodeld */ = {
			isa = XCVersionGroup;
			children = (
				2ECD4E202A08FA9600E942C3 /* CoreDataWork.xcdatamodel */,
			);
			currentVersion = 2ECD4E202A08FA9600E942C3 /* CoreDataWork.xcdatamodel */;
			path = CoreDataWork.xcdatamodeld;
			sourceTree = "<group>";
			versionGroupType = wrapper.xcdatamodel;
		};
/* End XCVersionGroup section */
	};
	rootObject = 2ECD4E0B2A08FA9600E942C3 /* Project object */;
}
